<?xml version="1.0" encoding="UTF-8" standalone="yes" ?>
<CodeBlocks_project_file>
	<FileVersion major="1" minor="6" />
	<Project>
		<Option title="SeaScript" />
		<Option pch_mode="2" />
		<Option compiler="gcc" />
		<Build>
			<Target title="Debug">
				<Option output="../build/Debug/SeaScript" prefix_auto="1" extension_auto="1" />
				<Option object_output="../build/Debug/" />
				<Option type="1" />
				<Option compiler="gcc" />
				<Option parameters="/home/vi/Documents/Projects/SeaScript/test.ssc --preserve" />
				<Compiler>
					<Add option="-std=c99 -I../src -I../src/seavm -I../src/shell" />
					<Add option="-g" />
					<Add option="-std=c99 -Isrc -Isrc/seavm" />
				</Compiler>
			</Target>
			<Target title="Release">
				<Option output="../build/Release/SeaScript" prefix_auto="1" extension_auto="1" />
				<Option object_output="../build/Release/" />
				<Option type="1" />
				<Option compiler="gcc" />
				<Compiler>
					<Add option="-O2" />
					<Add option="-std=c99 -I../src -I../src/seavm -I../src/shell" />
					<Add option="-std=c99 -Isrc -Isrc/seavm" />
				</Compiler>
				<Linker>
					<Add option="-s" />
				</Linker>
			</Target>
		</Build>
		<Compiler>
			<Add option="-Wall" />
			<Add option="-std=c99 -I../src -I../src/seavm -I../src/shell" />
			<Add option="-std=c99 -I../src -I../src/seavm" />
		</Compiler>
		<Unit filename="../src/compiler.c">
			<Option compilerVar="CC" />
		</Unit>
		<Unit filename="../src/compiler.h" />
		<Unit filename="../src/debug.c">
			<Option compilerVar="CC" />
		</Unit>
		<Unit filename="../src/debug.h" />
		<Unit filename="../src/lex.c">
			<Option compilerVar="CC" />
		</Unit>
		<Unit filename="../src/lex.h" />
		<Unit filename="../src/parser.c">
			<Option compilerVar="CC" />
		</Unit>
		<Unit filename="../src/parser.h" />
		<Unit filename="../src/seascript.c">
			<Option compilerVar="CC" />
		</Unit>
		<Unit filename="../src/seavm/bytecode.c">
			<Option compilerVar="CC" />
		</Unit>
		<Unit filename="../src/seavm/bytecode.h" />
		<Unit filename="../src/seavm/instruction.h" />
		<Unit filename="../src/seavm/opcodes.h" />
		<Unit filename="../src/seavm/stack.c">
			<Option compilerVar="CC" />
		</Unit>
		<Unit filename="../src/seavm/stack.h" />
		<Unit filename="../src/seavm/vm.c">
			<Option compilerVar="CC" />
		</Unit>
		<Unit filename="../src/seavm/vm.h" />
		<Unit filename="../src/shell/shell.c">
			<Option compilerVar="CC" />
		</Unit>
		<Unit filename="../src/shell/shell.h" />
		<Unit filename="../src/ssfunctions.c">
			<Option compilerVar="CC" />
		</Unit>
		<Unit filename="../src/ssfunctions.h" />
		<Extensions>
			<lib_finder disable_auto="1" />
		</Extensions>
	</Project>
</CodeBlocks_project_file>
